
Microsoft Visual Studio Solution File, Format Version 12.00
# Visual Studio Version 16
VisualStudioVersion = 16.0.31729.503
MinimumVisualStudioVersion = 10.0.40219.1
Project("{FAE04EC0-301F-11D3-BF4B-00C04F79EFBC}") = "TurRehberi", "TurRehberi\TurRehberi.csproj", "{BA6804B7-9521-438A-87C3-C74092D5DD44}"
EndProject
Global
	GlobalSection(SolutionConfigurationPlatforms) = preSolution
		Debug|Any CPU = Debug|Any CPU
		Release|Any CPU = Release|Any CPU
	EndGlobalSection
	GlobalSection(ProjectConfigurationPlatforms) = postSolution
		{BA6804B7-9521-438A-87C3-C74092D5DD44}.Debug|Any CPU.ActiveCfg = Debug|Any CPU
		{BA6804B7-9521-438A-87C3-C74092D5DD44}.Debug|Any CPU.Build.0 = Debug|Any CPU
		{BA6804B7-9521-438A-87C3-C74092D5DD44}.Release|Any CPU.ActiveCfg = Release|Any CPU
		{BA6804B7-9521-438A-87C3-C74092D5DD44}.Release|Any CPU.Build.0 = Release|Any CPU
	EndGlobalSection
	GlobalSection(SolutionProperties) = preSolution
		HideSolutionNode = FALSE
	EndGlobalSection
	GlobalSection(ExtensibilityGlobals) = postSolution
		SolutionGuid = {D788B504-57D3-4633-997B-AA4BCC66EDC0}
	EndGlobalSection
EndGlobal
